{
  "nodes": {
    "brew-src": {
      "flake": false,
      "locked": {
        "lastModified": 1789661079,
        "narHash": "sha256-geVTQ51PGZ1mLULM5k7wO7qt/6xenOR/YG8X7Q3eCaI=",
        "owner": "Homebrew",
        "repo": "brew",
        "rev": "edb70f031e4170c780799633a1226ff73e1077f4",
        "type": "github"
      },
      "original": {
        "owner": "Homebrew",
        "ref": "7.0.4",
        "repo": "brew",
        "type": "github"
      }
    },
    "home-manager": {
      "inputs": {
        "nixpkgs": [
          "nixpkgs"
        ]
      },
      "locked": {
        "lastModified": 1791569574,
        "narHash": "sha256-5sViLmjhTCtBTvhjSXXvd5LDrAFMydFFKZQisjE8Vds=",
        "owner": "nix-community",
        "repo": "home-manager",
        "rev": "6b88c12cc6d234de4888f5d21076fb11199d0844",
        "type": "github"
      },
      "original": {
        "owner": "nix-community",
        "repo": "home-manager",
        "type": "github"
      }
    },
    "homebrew-cask": {
      "flake": false,
      "locked": {
        "lastModified": 1791568054,
        "narHash": "sha256-of9eP2Qr8kf5/sIgtgvQRzKFnbGlYrCSUGeKx9A71a0=",
        "owner": "Homebrew",
        "repo": "homebrew-cask",
        "rev": "6b956af55cc6109ac80d8f79f4721a78b6b5f457",
        "type": "github"
      },
      "original": {
        "owner": "Homebrew",
        "repo": "homebrew-cask",
        "type": "github"
      }
    },
    "homebrew-core": {
      "flake": false,
      "locked": {
        "lastModified": 1791569693,
        "narHash": "sha256-n6xx+FVmkiIMH2zG5a0hOBg86bMumSyXXu9CeYswYJA=",
        "owner": "Homebrew",
        "repo": "homebrew-core",
        "rev": "c115757f8f5f87330460e982db6307dc7842d985",
        "type": "github"
      },
      "original": {
        "owner": "Homebrew",
        "repo": "homebrew-core",
        "type": "github"
      }
    },
    "nix-darwin": {
      "inputs": {
        "nixpkgs": [
          "nixpkgs"
        ]
      },
      "locked": {
        "lastModified": 1786845137,
        "narHash": "sha256-oQFip+v0luP8NIxJzmiW4Wu8bILsbFWom5l0zonl8hQ=",
        "owner": "nix-darwin",
        "repo": "nix-darwin",
        "rev": "4cff07de74b50e64bdd68cd4e722ab5b6b35ee48",
        "type": "github"
      },
      "original": {
        "owner": "nix-darwin",
        "ref": "master",
        "repo": "nix-darwin",
        "type": "github"
      }
    },
    "nix-homebrew": {
      "inputs": {
        "brew-src": "brew-src"
      },
      "locked": {
        "lastModified": 1789928041,
        "narHash": "sha256-iV37ieTcE4ZLOYEe0VznW6dWMBe4lEL8AbK1vblyZGM=",
        "owner": "zhaofengli",
        "repo": "nix-homebrew",
        "rev": "c11cccfdd36dd69b5323d70d354b2853379c2426",
        "type": "github"
      },
      "original": {
        "owner": "zhaofengli",
        "repo": "nix-homebrew",
        "type": "github"
      }
    },
    "nix-index-database": {
      "inputs": {
        "nixpkgs": [
          "nixpkgs"
        ]
      },
      "locked": {
        "lastModified": 1791105314,
        "narHash": "sha256-oTM7QFgRQ+vxBpMBMc7hEYpqBtpXAzXu2xuB/tru84U=",
        "owner": "nix-community",
        "repo": "nix-index-database",
        "rev": "e740bc4e9d8918d7819a51486d5099930c65c72e",
        "type": "github"
      },
      "original": {
        "owner": "nix-community",
        "repo": "nix-index-database",
        "type": "github"
      }
    },
    "nixpkgs": {
      "locked": {
        "lastModified": 1791366222,
        "narHash": "sha256-o0N4g6uSOIppU7CGToNvGlMf5vC+B6O6ukFHKY/TKOY=",
        "owner": "NixOS",
        "repo": "nixpkgs",
        "rev": "39ad350a0602fa0a58a544344e3e9187526ea45c",
        "type": "github"
      },
      "original": {
        "owner": "NixOS",
        "ref": "nixpkgs-unstable",
        "repo": "nixpkgs",
        "type": "github"
      }
    },
    "root": {
      "inputs": {
        "home-manager": "home-manager",
        "homebrew-cask": "homebrew-cask",
        "homebrew-core": "homebrew-core",
        "nix-darwin": "nix-darwin",
        "nix-homebrew": "nix-homebrew",
        "nix-index-database": "nix-index-database",
        "nixpkgs": "nixpkgs",
        "tap-asmvik": "tap-asmvik",
        "tap-felixkratz": "tap-felixkratz",
        "tap-gromgit-fuse": "tap-gromgit-fuse",
        "tap-mediosz": "tap-mediosz",
        "tap-mikescher": "tap-mikescher",
        "tap-nikitabobko": "tap-nikitabobko"
      }
    },
    "tap-asmvik": {
      "flake": false,
      "locked": {
        "lastModified": 1778274556,
        "narHash": "sha256-ZT8PDRrrsHidlypL6oFw/A2LFmT06GZr0rT4ZxDOKbw=",
        "owner": "asmvik",
        "repo": "homebrew-formulae",
        "rev": "9c0021f8454e82c3af6ca8b0af4548589920e6ed",
        "type": "github"
      },
      "original": {
        "owner": "asmvik",
        "repo": "homebrew-formulae",
        "type": "github"
      }
    },
    "tap-felixkratz": {
      "flake": false,
      "locked": {
        "lastModified": 1780547371,
        "narHash": "sha256-QGCVV5N1QC56GQK3ck2YJ6J6/S8SQ6rTElz69y58078=",
        "owner": "FelixKratz",
        "repo": "homebrew-formulae",
        "rev": "70b2071488b61c14f773ce9e1bf6626ee851981a",
        "type": "github"
      },
      "original": {
        "owner": "FelixKratz",
        "repo": "homebrew-formulae",
        "type": "github"
      }
    },
    "tap-gromgit-fuse": {
      "flake": false,
      "locked": {
        "lastModified": 1791377739,
        "narHash": "sha256-OXmaHZaC1lNgF27V1okEa1FHCPabZPxbRMiVl6HJxV8=",
        "owner": "gromgit",
        "repo": "homebrew-fuse",
        "rev": "d88719305bdd1156674b8932061f8ae7df6e5d7a",
        "type": "github"
      },
      "original": {
        "owner": "gromgit",
        "repo": "homebrew-fuse",
        "type": "github"
      }
    },
    "tap-mediosz": {
      "flake": false,
      "locked": {
        "lastModified": 1790510733,
        "narHash": "sha256-Lj+AFGWfeJifgP4lR/POQ0hfYeAYPJDLerUvcbRyWv8=",
        "owner": "mediosz",
        "repo": "homebrew-tap",
        "rev": "7095bad2e105fe86a24d66036778dfe989e11c9b",
        "type": "github"
      },
      "original": {
        "owner": "mediosz",
        "repo": "homebrew-tap",
        "type": "github"
      }
    },
    "tap-mikescher": {
      "flake": false,
      "locked": {
        "lastModified": 1781460952,
        "narHash": "sha256-ruALKwiFxYSgLyNbA2Jsqdq0ApH+JLeunAA6yQdvHiw=",
        "owner": "mikescher",
        "repo": "homebrew-tap",
        "rev": "f4a245e03dd25f7ef33e11caf43203b30c391c19",
        "type": "github"
      },
      "original": {
        "owner": "mikescher",
        "repo": "homebrew-tap",
        "type": "github"
      }
    },
    "tap-nikitabobko": {
      "flake": false,
      "locked": {
        "lastModified": 1791286232,
        "narHash": "sha256-Zsi4MqzCSUlx7Nfx7hkqafC4iyPAHZRDzL0xobOBNo8=",
        "owner": "nikitabobko",
        "repo": "homebrew-tap",
        "rev": "086fa55e376037f28bd959a274f588c65296c1f1",
        "type": "github"
      },
      "original": {
        "owner": "nikitabobko",
        "repo": "homebrew-tap",
        "type": "github"
      }
    }
  },
  "root": "root",
  "version": 7
}
